
Microsoft Visual Studio Solution File, Format Version 12.00
# Visual Studio Version 17
VisualStudioVersion = 17.8.34511.84
MinimumVisualStudioVersion = 10.0.40219.1
Project("{FAE04EC0-301F-11D3-BF4B-00C04F79EFBC}") = "BikeShopNET", "BikeShopNET\BikeShopNET.csproj", "{588FE3C2-ABE3-4E8B-8B66-6ADA5DC79D33}"
EndProject
Global
	GlobalSection(SolutionConfigurationPlatforms) = preSolution
		Debug|Any CPU = Debug|Any CPU
		Release|Any CPU = Release|Any CPU
	EndGlobalSection
	GlobalSection(ProjectConfigurationPlatforms) = postSolution
		{588FE3C2-ABE3-4E8B-8B66-6ADA5DC79D33}.Debug|Any CPU.ActiveCfg = Debug|Any CPU
		{588FE3C2-ABE3-4E8B-8B66-6ADA5DC79D33}.Debug|Any CPU.Build.0 = Debug|Any CPU
		{588FE3C2-ABE3-4E8B-8B66-6ADA5DC79D33}.Release|Any CPU.ActiveCfg = Release|Any CPU
		{588FE3C2-ABE3-4E8B-8B66-6ADA5DC79D33}.Release|Any CPU.Build.0 = Release|Any CPU
	EndGlobalSection
	GlobalSection(SolutionProperties) = preSolution
		HideSolutionNode = FALSE
	EndGlobalSection
	GlobalSection(ExtensibilityGlobals) = postSolution
		SolutionGuid = {F8C12BFD-9C39-496B-92CD-DD2D2D0E1B89}
	EndGlobalSection
EndGlobal
